{
  "version": 4,
  "terraform_version": "1.0.10",
  "serial": 14,
  "lineage": "d0491ad3-96b3-b850-5328-330303304d92",
  "outputs": {},
  "resources": [
    {
      "module": "module.networkModule",
      "mode": "data",
      "type": "aws_availability_zones",
      "name": "available",
      "provider": "provider[\"registry.terraform.io/hashicorp/aws\"]",
      "instances": [
        {
          "schema_version": 0,
          "attributes": {
            "all_availability_zones": null,
            "exclude_names": null,
            "exclude_zone_ids": null,
            "filter": null,
            "group_names": [
              "ap-southeast-2"
            ],
            "id": "ap-southeast-2",
            "names": [
              "ap-southeast-2a",
              "ap-southeast-2b",
              "ap-southeast-2c"
            ],
            "state": null,
            "zone_ids": [
              "apse2-az3",
              "apse2-az1",
              "apse2-az2"
            ]
          },
          "sensitive_attributes": []
        }
      ]
    },
    {
      "module": "module.networkModule",
      "mode": "data",
      "type": "http",
      "name": "my_public_ip",
      "provider": "provider[\"registry.terraform.io/hashicorp/http\"]",
      "instances": [
        {
          "schema_version": 0,
          "attributes": {
            "body": "{\n  \"ip\": \"103.152.126.33\",\n  \"ip_decimal\": 1738047009,\n  \"country\": \"United States\",\n  \"country_iso\": \"US\",\n  \"country_eu\": false,\n  \"latitude\": 37.751,\n  \"longitude\": -97.822,\n  \"time_zone\": \"America/Chicago\",\n  \"asn\": \"AS36492\",\n  \"asn_org\": \"GOOGLEWIFI\",\n  \"hostname\": \"customer.syd1.mc.starlinkisp.net\",\n  \"user_agent\": {\n    \"product\": \"Go-http-client\",\n    \"version\": \"2.0\",\n    \"raw_value\": \"Go-http-client/2.0\"\n  }\n}",
            "id": "https://ifconfig.co/json",
            "request_headers": {
              "Accept": "application/json"
            },
            "response_headers": {
              "Alt-Svc": "h3=\":443\"; ma=86400, h3-29=\":443\"; ma=86400",
              "Cf-Cache-Status": "DYNAMIC",
              "Cf-Ray": "6e99d729ed8d6a12-SYD",
              "Content-Type": "application/json",
              "Date": "Thu, 10 Mar 2022 06:02:16 GMT",
              "Expect-Ct": "max-age=604800, report-uri=\"https://report-uri.cloudflare.com/cdn-cgi/beacon/expect-ct\"",
              "Nel": "{\"success_fraction\":0,\"report_to\":\"cf-nel\",\"max_age\":604800}",
              "Report-To": "{\"endpoints\":[{\"url\":\"https:\\/\\/a.nel.cloudflare.com\\/report\\/v3?s=ZTyHBuFxbXbPmAISbLDdXehaTjjFiSiFmYSLqd2c11a5e7GFiLee%2FBhfU7TC8cjnj0RTmcLvMl4vyRMpWPldYMYZ3L%2BO8KXDcgviyU0YrkQq963z1ETZ9NjW5SjG9Q%3D%3D\"}],\"group\":\"cf-nel\",\"max_age\":604800}",
              "Server": "cloudflare"
            },
            "url": "https://ifconfig.co/json"
          },
          "sensitive_attributes": []
        }
      ]
    },
    {
      "module": "module.networkModule",
      "mode": "managed",
      "type": "aws_security_group",
      "name": "default",
      "provider": "provider[\"registry.terraform.io/hashicorp/aws\"]",
      "instances": [
        {
          "schema_version": 1,
          "attributes": {
            "arn": "arn:aws:ec2:ap-southeast-2:709774649120:security-group/sg-03ae9d0688540e25e",
            "description": "Managed by Terraform",
            "egress": [
              {
                "cidr_blocks": [
                  "0.0.0.0/0"
                ],
                "description": "",
                "from_port": 0,
                "ipv6_cidr_blocks": [],
                "prefix_list_ids": [],
                "protocol": "-1",
                "security_groups": [],
                "self": false,
                "to_port": 0
              }
            ],
            "id": "sg-03ae9d0688540e25e",
            "ingress": [
              {
                "cidr_blocks": [
                  "10.0.0.0/16",
                  "103.152.126.0/23",
                  "103.152.126.33/32"
                ],
                "description": "",
                "from_port": 0,
                "ipv6_cidr_blocks": [],
                "prefix_list_ids": [],
                "protocol": "-1",
                "security_groups": [],
                "self": false,
                "to_port": 0
              }
            ],
            "name": "tuskcon_sg_public_subnets-tuskcon",
            "name_prefix": "",
            "owner_id": "709774649120",
            "revoke_rules_on_delete": false,
            "tags": null,
            "tags_all": {},
            "timeouts": null,
            "vpc_id": "vpc-0f0c171d91d223219"
          },
          "sensitive_attributes": [],
          "private": "eyJlMmJmYjczMC1lY2FhLTExZTYtOGY4OC0zNDM2M2JjN2M0YzAiOnsiY3JlYXRlIjo2MDAwMDAwMDAwMDAsImRlbGV0ZSI6OTAwMDAwMDAwMDAwfSwic2NoZW1hX3ZlcnNpb24iOiIxIn0=",
          "dependencies": [
            "module.networkModule.data.http.my_public_ip",
            "module.networkModule.module.vpc.aws_vpc.this"
          ]
        }
      ]
    },
    {
      "module": "module.networkModule.module.vpc",
      "mode": "managed",
      "type": "aws_internet_gateway",
      "name": "this",
      "provider": "provider[\"registry.terraform.io/hashicorp/aws\"]",
      "instances": [
        {
          "index_key": 0,
          "schema_version": 0,
          "attributes": {
            "arn": "arn:aws:ec2:ap-southeast-2:709774649120:internet-gateway/igw-041fdc4707500212f",
            "id": "igw-041fdc4707500212f",
            "owner_id": "709774649120",
            "tags": {
              "Name": "tuskcon_vpc-tuskcon"
            },
            "tags_all": {
              "Name": "tuskcon_vpc-tuskcon"
            },
            "vpc_id": "vpc-0f0c171d91d223219"
          },
          "sensitive_attributes": [],
          "private": "bnVsbA==",
          "dependencies": [
            "module.networkModule.module.vpc.aws_vpc.this",
            "module.networkModule.module.vpc.aws_vpc_ipv4_cidr_block_association.this"
          ]
        }
      ]
    },
    {
      "module": "module.networkModule.module.vpc",
      "mode": "managed",
      "type": "aws_route",
      "name": "public_internet_gateway",
      "provider": "provider[\"registry.terraform.io/hashicorp/aws\"]",
      "instances": [
        {
          "index_key": 0,
          "schema_version": 0,
          "attributes": {
            "carrier_gateway_id": "",
            "destination_cidr_block": "0.0.0.0/0",
            "destination_ipv6_cidr_block": "",
            "destination_prefix_list_id": "",
            "egress_only_gateway_id": "",
            "gateway_id": "igw-041fdc4707500212f",
            "id": "r-rtb-0753fadc628de25541080289494",
            "instance_id": "",
            "instance_owner_id": "",
            "local_gateway_id": "",
            "nat_gateway_id": "",
            "network_interface_id": "",
            "origin": "CreateRoute",
            "route_table_id": "rtb-0753fadc628de2554",
            "state": "active",
            "timeouts": {
              "create": "5m",
              "delete": null,
              "update": null
            },
            "transit_gateway_id": "",
            "vpc_endpoint_id": "",
            "vpc_peering_connection_id": ""
          },
          "sensitive_attributes": [],
          "private": "eyJlMmJmYjczMC1lY2FhLTExZTYtOGY4OC0zNDM2M2JjN2M0YzAiOnsiY3JlYXRlIjozMDAwMDAwMDAwMDAsImRlbGV0ZSI6MzAwMDAwMDAwMDAwLCJ1cGRhdGUiOjEyMDAwMDAwMDAwMH19",
          "dependencies": [
            "module.networkModule.module.vpc.aws_internet_gateway.this",
            "module.networkModule.module.vpc.aws_route_table.public",
            "module.networkModule.module.vpc.aws_vpc.this",
            "module.networkModule.module.vpc.aws_vpc_ipv4_cidr_block_association.this"
          ]
        }
      ]
    },
    {
      "module": "module.networkModule.module.vpc",
      "mode": "managed",
      "type": "aws_route_table",
      "name": "public",
      "provider": "provider[\"registry.terraform.io/hashicorp/aws\"]",
      "instances": [
        {
          "index_key": 0,
          "schema_version": 0,
          "attributes": {
            "arn": "arn:aws:ec2:ap-southeast-2:709774649120:route-table/rtb-0753fadc628de2554",
            "id": "rtb-0753fadc628de2554",
            "owner_id": "709774649120",
            "propagating_vgws": [],
            "route": [],
            "tags": {
              "Name": "tuskcon_vpc-tuskcon-public"
            },
            "tags_all": {
              "Name": "tuskcon_vpc-tuskcon-public"
            },
            "timeouts": null,
            "vpc_id": "vpc-0f0c171d91d223219"
          },
          "sensitive_attributes": [],
          "private": "eyJlMmJmYjczMC1lY2FhLTExZTYtOGY4OC0zNDM2M2JjN2M0YzAiOnsiY3JlYXRlIjozMDAwMDAwMDAwMDAsImRlbGV0ZSI6MzAwMDAwMDAwMDAwLCJ1cGRhdGUiOjEyMDAwMDAwMDAwMH19",
          "dependencies": [
            "module.networkModule.module.vpc.aws_vpc.this",
            "module.networkModule.module.vpc.aws_vpc_ipv4_cidr_block_association.this"
          ]
        }
      ]
    },
    {
      "module": "module.networkModule.module.vpc",
      "mode": "managed",
      "type": "aws_route_table_association",
      "name": "public",
      "provider": "provider[\"registry.terraform.io/hashicorp/aws\"]",
      "instances": [
        {
          "index_key": 0,
          "schema_version": 0,
          "attributes": {
            "gateway_id": "",
            "id": "rtbassoc-04dbc107577d96a81",
            "route_table_id": "rtb-0753fadc628de2554",
            "subnet_id": "subnet-0e95860f6aacca019"
          },
          "sensitive_attributes": [],
          "private": "bnVsbA==",
          "dependencies": [
            "module.networkModule.data.aws_availability_zones.available",
            "module.networkModule.module.vpc.aws_route_table.public",
            "module.networkModule.module.vpc.aws_subnet.public",
            "module.networkModule.module.vpc.aws_vpc.this",
            "module.networkModule.module.vpc.aws_vpc_ipv4_cidr_block_association.this"
          ]
        }
      ]
    },
    {
      "module": "module.networkModule.module.vpc",
      "mode": "managed",
      "type": "aws_subnet",
      "name": "public",
      "provider": "provider[\"registry.terraform.io/hashicorp/aws\"]",
      "instances": [
        {
          "index_key": 0,
          "schema_version": 1,
          "attributes": {
            "arn": "arn:aws:ec2:ap-southeast-2:709774649120:subnet/subnet-0e95860f6aacca019",
            "assign_ipv6_address_on_creation": false,
            "availability_zone": "ap-southeast-2a",
            "availability_zone_id": "apse2-az3",
            "cidr_block": "10.0.0.0/16",
            "customer_owned_ipv4_pool": "",
            "enable_dns64": false,
            "enable_resource_name_dns_a_record_on_launch": false,
            "enable_resource_name_dns_aaaa_record_on_launch": false,
            "id": "subnet-0e95860f6aacca019",
            "ipv6_cidr_block": "",
            "ipv6_cidr_block_association_id": "",
            "ipv6_native": false,
            "map_customer_owned_ip_on_launch": false,
            "map_public_ip_on_launch": true,
            "outpost_arn": "",
            "owner_id": "709774649120",
            "private_dns_hostname_type_on_launch": "ip-name",
            "tags": {
              "Name": "tuskcon_vpc-tuskcon-public-ap-southeast-2a"
            },
            "tags_all": {
              "Name": "tuskcon_vpc-tuskcon-public-ap-southeast-2a"
            },
            "timeouts": null,
            "vpc_id": "vpc-0f0c171d91d223219"
          },
          "sensitive_attributes": [],
          "private": "eyJlMmJmYjczMC1lY2FhLTExZTYtOGY4OC0zNDM2M2JjN2M0YzAiOnsiY3JlYXRlIjo2MDAwMDAwMDAwMDAsImRlbGV0ZSI6MTIwMDAwMDAwMDAwMH0sInNjaGVtYV92ZXJzaW9uIjoiMSJ9",
          "dependencies": [
            "module.networkModule.data.aws_availability_zones.available",
            "module.networkModule.module.vpc.aws_vpc.this",
            "module.networkModule.module.vpc.aws_vpc_ipv4_cidr_block_association.this"
          ]
        }
      ]
    },
    {
      "module": "module.networkModule.module.vpc",
      "mode": "managed",
      "type": "aws_vpc",
      "name": "this",
      "provider": "provider[\"registry.terraform.io/hashicorp/aws\"]",
      "instances": [
        {
          "index_key": 0,
          "schema_version": 1,
          "attributes": {
            "arn": "arn:aws:ec2:ap-southeast-2:709774649120:vpc/vpc-0f0c171d91d223219",
            "assign_generated_ipv6_cidr_block": false,
            "cidr_block": "10.0.0.0/16",
            "default_network_acl_id": "acl-078280052fb992519",
            "default_route_table_id": "rtb-007376c69f8cf752a",
            "default_security_group_id": "sg-06132d9a1da15de1a",
            "dhcp_options_id": "dopt-36f22452",
            "enable_classiclink": false,
            "enable_classiclink_dns_support": false,
            "enable_dns_hostnames": true,
            "enable_dns_support": true,
            "id": "vpc-0f0c171d91d223219",
            "instance_tenancy": "default",
            "ipv4_ipam_pool_id": null,
            "ipv4_netmask_length": null,
            "ipv6_association_id": "",
            "ipv6_cidr_block": "",
            "ipv6_cidr_block_network_border_group": "",
            "ipv6_ipam_pool_id": "",
            "ipv6_netmask_length": 0,
            "main_route_table_id": "rtb-007376c69f8cf752a",
            "owner_id": "709774649120",
            "tags": {
              "Name": "tuskcon_vpc-tuskcon"
            },
            "tags_all": {
              "Name": "tuskcon_vpc-tuskcon"
            }
          },
          "sensitive_attributes": [],
          "private": "eyJzY2hlbWFfdmVyc2lvbiI6IjEifQ=="
        }
      ]
    },
    {
      "module": "module.splunk-server",
      "mode": "data",
      "type": "aws_ami",
      "name": "latest-ubuntu",
      "provider": "provider[\"registry.terraform.io/hashicorp/aws\"]",
      "instances": [
        {
          "index_key": 0,
          "schema_version": 0,
          "attributes": {
            "architecture": "x86_64",
            "arn": "arn:aws:ec2:ap-southeast-2::image/ami-0cfaff66cce8cce97",
            "block_device_mappings": [
              {
                "device_name": "/dev/sda1",
                "ebs": {
                  "delete_on_termination": "true",
                  "encrypted": "false",
                  "iops": "0",
                  "snapshot_id": "snap-0215ce6daf7fd625e",
                  "throughput": "0",
                  "volume_size": "8",
                  "volume_type": "gp2"
                },
                "no_device": "",
                "virtual_name": ""
              },
              {
                "device_name": "/dev/sdb",
                "ebs": {},
                "no_device": "",
                "virtual_name": "ephemeral0"
              },
              {
                "device_name": "/dev/sdc",
                "ebs": {},
                "no_device": "",
                "virtual_name": "ephemeral1"
              }
            ],
            "boot_mode": "",
            "creation_date": "2022-03-09T03:59:52.000Z",
            "description": "Canonical, Ubuntu, 18.04 LTS, amd64 bionic image build on 2022-03-08",
            "ena_support": true,
            "executable_users": null,
            "filter": [
              {
                "name": "name",
                "values": [
                  "ubuntu/images/hvm-ssd/ubuntu-bionic-18.04-amd64-server-*"
                ]
              },
              {
                "name": "virtualization-type",
                "values": [
                  "hvm"
                ]
              }
            ],
            "hypervisor": "xen",
            "id": "ami-0cfaff66cce8cce97",
            "image_id": "ami-0cfaff66cce8cce97",
            "image_location": "099720109477/ubuntu/images/hvm-ssd/ubuntu-bionic-18.04-amd64-server-20220308",
            "image_owner_alias": null,
            "image_type": "machine",
            "kernel_id": null,
            "most_recent": true,
            "name": "ubuntu/images/hvm-ssd/ubuntu-bionic-18.04-amd64-server-20220308",
            "name_regex": null,
            "owner_id": "099720109477",
            "owners": [
              "099720109477"
            ],
            "platform": null,
            "platform_details": "Linux/UNIX",
            "product_codes": [],
            "public": true,
            "ramdisk_id": null,
            "root_device_name": "/dev/sda1",
            "root_device_type": "ebs",
            "root_snapshot_id": "snap-0215ce6daf7fd625e",
            "sriov_net_support": "simple",
            "state": "available",
            "state_reason": {
              "code": "UNSET",
              "message": "UNSET"
            },
            "tags": {},
            "usage_operation": "RunInstances",
            "virtualization_type": "hvm"
          },
          "sensitive_attributes": []
        }
      ]
    },
    {
      "module": "module.splunk-server",
      "mode": "managed",
      "type": "aws_instance",
      "name": "splunk-server",
      "provider": "provider[\"registry.terraform.io/hashicorp/aws\"]",
      "instances": [
        {
          "index_key": 0,
          "status": "tainted",
          "schema_version": 1,
          "attributes": {
            "ami": "ami-0cfaff66cce8cce97",
            "arn": "arn:aws:ec2:ap-southeast-2:709774649120:instance/i-0dd57df31cdbdc29b",
            "associate_public_ip_address": true,
            "availability_zone": "ap-southeast-2a",
            "capacity_reservation_specification": [
              {
                "capacity_reservation_preference": "open",
                "capacity_reservation_target": []
              }
            ],
            "cpu_core_count": 8,
            "cpu_threads_per_core": 2,
            "credit_specification": [],
            "disable_api_termination": false,
            "ebs_block_device": [],
            "ebs_optimized": false,
            "enclave_options": [
              {
                "enabled": false
              }
            ],
            "ephemeral_block_device": [],
            "get_password_data": false,
            "hibernation": false,
            "host_id": null,
            "iam_instance_profile": "",
            "id": "i-0dd57df31cdbdc29b",
            "instance_initiated_shutdown_behavior": "stop",
            "instance_state": "running",
            "instance_type": "c5n.4xlarge",
            "ipv6_address_count": 0,
            "ipv6_addresses": [],
            "key_name": "tuskcon",
            "launch_template": [],
            "metadata_options": [
              {
                "http_endpoint": "enabled",
                "http_put_response_hop_limit": 1,
                "http_tokens": "optional",
                "instance_metadata_tags": "disabled"
              }
            ],
            "monitoring": false,
            "network_interface": [],
            "outpost_arn": "",
            "password_data": "",
            "placement_group": "",
            "placement_partition_number": null,
            "primary_network_interface_id": "eni-05d7241f55c21098f",
            "private_dns": "ip-10-0-1-12.ap-southeast-2.compute.internal",
            "private_ip": "10.0.1.12",
            "public_dns": "ec2-52-62-30-145.ap-southeast-2.compute.amazonaws.com",
            "public_ip": "52.62.30.145",
            "root_block_device": [
              {
                "delete_on_termination": true,
                "device_name": "/dev/sda1",
                "encrypted": false,
                "iops": 100,
                "kms_key_id": "",
                "tags": {},
                "throughput": 0,
                "volume_id": "vol-098cf5da9d59ba746",
                "volume_size": 8,
                "volume_type": "gp2"
              }
            ],
            "secondary_private_ips": [],
            "security_groups": [],
            "source_dest_check": true,
            "subnet_id": "subnet-0e95860f6aacca019",
            "tags": {
              "Name": "ar-splunk-tuskcon-tuskcon-1"
            },
            "tags_all": {
              "Name": "ar-splunk-tuskcon-tuskcon-1"
            },
            "tenancy": "default",
            "timeouts": null,
            "user_data": null,
            "user_data_base64": null,
            "volume_tags": null,
            "vpc_security_group_ids": [
              "sg-03ae9d0688540e25e"
            ]
          },
          "sensitive_attributes": [],
          "private": "eyJlMmJmYjczMC1lY2FhLTExZTYtOGY4OC0zNDM2M2JjN2M0YzAiOnsiY3JlYXRlIjo2MDAwMDAwMDAwMDAsImRlbGV0ZSI6MTIwMDAwMDAwMDAwMCwidXBkYXRlIjo2MDAwMDAwMDAwMDB9LCJzY2hlbWFfdmVyc2lvbiI6IjEifQ==",
          "dependencies": [
            "module.networkModule.aws_security_group.default",
            "module.networkModule.data.aws_availability_zones.available",
            "module.networkModule.data.http.my_public_ip",
            "module.networkModule.module.vpc.aws_subnet.public",
            "module.networkModule.module.vpc.aws_vpc.this",
            "module.networkModule.module.vpc.aws_vpc_ipv4_cidr_block_association.this",
            "module.splunk-server.data.aws_ami.latest-ubuntu"
          ]
        }
      ]
    },
    {
      "module": "module.windows-client",
      "mode": "data",
      "type": "aws_ami",
      "name": "windows-client-ami",
      "provider": "provider[\"registry.terraform.io/hashicorp/aws\"]",
      "instances": [
        {
          "index_key": 0,
          "schema_version": 0,
          "attributes": {
            "architecture": "x86_64",
            "arn": "arn:aws:ec2:ap-southeast-2::image/ami-0ab01ebf1fb929161",
            "block_device_mappings": [
              {
                "device_name": "/dev/sda1",
                "ebs": {
                  "delete_on_termination": "true",
                  "encrypted": "false",
                  "iops": "3000",
                  "snapshot_id": "snap-0a8a3d0a43743a8c9",
                  "throughput": "125",
                  "volume_size": "300",
                  "volume_type": "gp3"
                },
                "no_device": "",
                "virtual_name": ""
              }
            ],
            "boot_mode": "",
            "creation_date": "2022-01-26T22:43:55.000Z",
            "description": "",
            "ena_support": true,
            "executable_users": null,
            "filter": [
              {
                "name": "name",
                "values": [
                  "Surge-Windows-10"
                ]
              }
            ],
            "hypervisor": "xen",
            "id": "ami-0ab01ebf1fb929161",
            "image_id": "ami-0ab01ebf1fb929161",
            "image_location": "709774649120/Surge-Windows-10",
            "image_owner_alias": null,
            "image_type": "machine",
            "kernel_id": null,
            "most_recent": true,
            "name": "Surge-Windows-10",
            "name_regex": null,
            "owner_id": "709774649120",
            "owners": [
              "self"
            ],
            "platform": "windows",
            "platform_details": "Windows BYOL",
            "product_codes": [],
            "public": false,
            "ramdisk_id": null,
            "root_device_name": "/dev/sda1",
            "root_device_type": "ebs",
            "root_snapshot_id": "snap-0a8a3d0a43743a8c9",
            "sriov_net_support": null,
            "state": "available",
            "state_reason": {
              "code": "UNSET",
              "message": "UNSET"
            },
            "tags": {},
            "usage_operation": "RunInstances:0800",
            "virtualization_type": "hvm"
          },
          "sensitive_attributes": []
        }
      ]
    },
    {
      "module": "module.windows-client",
      "mode": "managed",
      "type": "aws_instance",
      "name": "windows_client",
      "provider": "provider[\"registry.terraform.io/hashicorp/aws\"]",
      "instances": []
    },
    {
      "module": "module.windows-domain-controller",
      "mode": "data",
      "type": "aws_ami",
      "name": "latest-windows-server-2019",
      "provider": "provider[\"registry.terraform.io/hashicorp/aws\"]",
      "instances": [
        {
          "index_key": 0,
          "schema_version": 0,
          "attributes": {
            "architecture": "x86_64",
            "arn": "arn:aws:ec2:ap-southeast-2::image/ami-02af4b27cfc41bd6f",
            "block_device_mappings": [
              {
                "device_name": "/dev/sda1",
                "ebs": {
                  "delete_on_termination": "true",
                  "encrypted": "false",
                  "iops": "0",
                  "snapshot_id": "snap-00c2b828c671c8eb8",
                  "throughput": "0",
                  "volume_size": "30",
                  "volume_type": "gp2"
                },
                "no_device": "",
                "virtual_name": ""
              },
              {
                "device_name": "xvdca",
                "ebs": {},
                "no_device": "",
                "virtual_name": "ephemeral0"
              },
              {
                "device_name": "xvdcb",
                "ebs": {},
                "no_device": "",
                "virtual_name": "ephemeral1"
              },
              {
                "device_name": "xvdcc",
                "ebs": {},
                "no_device": "",
                "virtual_name": "ephemeral2"
              },
              {
                "device_name": "xvdcd",
                "ebs": {},
                "no_device": "",
                "virtual_name": "ephemeral3"
              },
              {
                "device_name": "xvdce",
                "ebs": {},
                "no_device": "",
                "virtual_name": "ephemeral4"
              },
              {
                "device_name": "xvdcf",
                "ebs": {},
                "no_device": "",
                "virtual_name": "ephemeral5"
              },
              {
                "device_name": "xvdcg",
                "ebs": {},
                "no_device": "",
                "virtual_name": "ephemeral6"
              },
              {
                "device_name": "xvdch",
                "ebs": {},
                "no_device": "",
                "virtual_name": "ephemeral7"
              },
              {
                "device_name": "xvdci",
                "ebs": {},
                "no_device": "",
                "virtual_name": "ephemeral8"
              },
              {
                "device_name": "xvdcj",
                "ebs": {},
                "no_device": "",
                "virtual_name": "ephemeral9"
              },
              {
                "device_name": "xvdck",
                "ebs": {},
                "no_device": "",
                "virtual_name": "ephemeral10"
              },
              {
                "device_name": "xvdcl",
                "ebs": {},
                "no_device": "",
                "virtual_name": "ephemeral11"
              },
              {
                "device_name": "xvdcm",
                "ebs": {},
                "no_device": "",
                "virtual_name": "ephemeral12"
              },
              {
                "device_name": "xvdcn",
                "ebs": {},
                "no_device": "",
                "virtual_name": "ephemeral13"
              },
              {
                "device_name": "xvdco",
                "ebs": {},
                "no_device": "",
                "virtual_name": "ephemeral14"
              },
              {
                "device_name": "xvdcp",
                "ebs": {},
                "no_device": "",
                "virtual_name": "ephemeral15"
              },
              {
                "device_name": "xvdcq",
                "ebs": {},
                "no_device": "",
                "virtual_name": "ephemeral16"
              },
              {
                "device_name": "xvdcr",
                "ebs": {},
                "no_device": "",
                "virtual_name": "ephemeral17"
              },
              {
                "device_name": "xvdcs",
                "ebs": {},
                "no_device": "",
                "virtual_name": "ephemeral18"
              },
              {
                "device_name": "xvdct",
                "ebs": {},
                "no_device": "",
                "virtual_name": "ephemeral19"
              },
              {
                "device_name": "xvdcu",
                "ebs": {},
                "no_device": "",
                "virtual_name": "ephemeral20"
              },
              {
                "device_name": "xvdcv",
                "ebs": {},
                "no_device": "",
                "virtual_name": "ephemeral21"
              },
              {
                "device_name": "xvdcw",
                "ebs": {},
                "no_device": "",
                "virtual_name": "ephemeral22"
              },
              {
                "device_name": "xvdcx",
                "ebs": {},
                "no_device": "",
                "virtual_name": "ephemeral23"
              },
              {
                "device_name": "xvdcy",
                "ebs": {},
                "no_device": "",
                "virtual_name": "ephemeral24"
              },
              {
                "device_name": "xvdcz",
                "ebs": {},
                "no_device": "",
                "virtual_name": "ephemeral25"
              }
            ],
            "boot_mode": "",
            "creation_date": "2022-02-10T03:01:41.000Z",
            "description": "Microsoft Windows Server 2019 with Desktop Experience Locale English AMI provided by Amazon",
            "ena_support": true,
            "executable_users": null,
            "filter": [
              {
                "name": "name",
                "values": [
                  "Windows_Server-2019-English-Full-Base-*"
                ]
              },
              {
                "name": "virtualization-type",
                "values": [
                  "hvm"
                ]
              }
            ],
            "hypervisor": "xen",
            "id": "ami-02af4b27cfc41bd6f",
            "image_id": "ami-02af4b27cfc41bd6f",
            "image_location": "amazon/Windows_Server-2019-English-Full-Base-2022.02.10",
            "image_owner_alias": "amazon",
            "image_type": "machine",
            "kernel_id": null,
            "most_recent": true,
            "name": "Windows_Server-2019-English-Full-Base-2022.02.10",
            "name_regex": null,
            "owner_id": "801119661308",
            "owners": [
              "801119661308"
            ],
            "platform": "windows",
            "platform_details": "Windows",
            "product_codes": [],
            "public": true,
            "ramdisk_id": null,
            "root_device_name": "/dev/sda1",
            "root_device_type": "ebs",
            "root_snapshot_id": "snap-00c2b828c671c8eb8",
            "sriov_net_support": "simple",
            "state": "available",
            "state_reason": {
              "code": "UNSET",
              "message": "UNSET"
            },
            "tags": {},
            "usage_operation": "RunInstances:0002",
            "virtualization_type": "hvm"
          },
          "sensitive_attributes": []
        }
      ]
    },
    {
      "module": "module.windows-domain-controller",
      "mode": "managed",
      "type": "aws_instance",
      "name": "windows_domain_controller",
      "provider": "provider[\"registry.terraform.io/hashicorp/aws\"]",
      "instances": [
        {
          "index_key": 0,
          "status": "tainted",
          "schema_version": 1,
          "attributes": {
            "ami": "ami-02af4b27cfc41bd6f",
            "arn": "arn:aws:ec2:ap-southeast-2:709774649120:instance/i-04660ecbade0d9907",
            "associate_public_ip_address": true,
            "availability_zone": "ap-southeast-2a",
            "capacity_reservation_specification": [
              {
                "capacity_reservation_preference": "open",
                "capacity_reservation_target": []
              }
            ],
            "cpu_core_count": 8,
            "cpu_threads_per_core": 2,
            "credit_specification": [],
            "disable_api_termination": false,
            "ebs_block_device": [],
            "ebs_optimized": false,
            "enclave_options": [
              {
                "enabled": false
              }
            ],
            "ephemeral_block_device": [],
            "get_password_data": false,
            "hibernation": false,
            "host_id": null,
            "iam_instance_profile": "",
            "id": "i-04660ecbade0d9907",
            "instance_initiated_shutdown_behavior": "stop",
            "instance_state": "running",
            "instance_type": "c5n.4xlarge",
            "ipv6_address_count": 0,
            "ipv6_addresses": [],
            "key_name": "tuskcon",
            "launch_template": [],
            "metadata_options": [
              {
                "http_endpoint": "enabled",
                "http_put_response_hop_limit": 1,
                "http_tokens": "optional",
                "instance_metadata_tags": "disabled"
              }
            ],
            "monitoring": false,
            "network_interface": [],
            "outpost_arn": "",
            "password_data": "",
            "placement_group": "",
            "placement_partition_number": null,
            "primary_network_interface_id": "eni-010bdba18611d7196",
            "private_dns": "ip-10-0-1-13.ap-southeast-2.compute.internal",
            "private_ip": "10.0.1.13",
            "public_dns": "ec2-52-62-84-6.ap-southeast-2.compute.amazonaws.com",
            "public_ip": "52.62.84.6",
            "root_block_device": [
              {
                "delete_on_termination": true,
                "device_name": "/dev/sda1",
                "encrypted": false,
                "iops": 100,
                "kms_key_id": "",
                "tags": {},
                "throughput": 0,
                "volume_id": "vol-0dadea3389ece20e9",
                "volume_size": 30,
                "volume_type": "gp2"
              }
            ],
            "secondary_private_ips": [],
            "security_groups": [],
            "source_dest_check": true,
            "subnet_id": "subnet-0e95860f6aacca019",
            "tags": {
              "Name": "ar-win-dc-tuskcon-tuskcon-1"
            },
            "tags_all": {
              "Name": "ar-win-dc-tuskcon-tuskcon-1"
            },
            "tenancy": "default",
            "timeouts": null,
            "user_data": "8ddd9dfad3ec2e4fd4bbe5c5164cecf55ce82e62",
            "user_data_base64": null,
            "volume_tags": null,
            "vpc_security_group_ids": [
              "sg-03ae9d0688540e25e"
            ]
          },
          "sensitive_attributes": [],
          "private": "eyJlMmJmYjczMC1lY2FhLTExZTYtOGY4OC0zNDM2M2JjN2M0YzAiOnsiY3JlYXRlIjo2MDAwMDAwMDAwMDAsImRlbGV0ZSI6MTIwMDAwMDAwMDAwMCwidXBkYXRlIjo2MDAwMDAwMDAwMDB9LCJzY2hlbWFfdmVyc2lvbiI6IjEifQ==",
          "dependencies": [
            "module.networkModule.aws_security_group.default",
            "module.networkModule.data.aws_availability_zones.available",
            "module.networkModule.data.http.my_public_ip",
            "module.networkModule.module.vpc.aws_subnet.public",
            "module.networkModule.module.vpc.aws_vpc.this",
            "module.networkModule.module.vpc.aws_vpc_ipv4_cidr_block_association.this",
            "module.windows-domain-controller.data.aws_ami.latest-windows-server-2019"
          ]
        }
      ]
    },
    {
      "module": "module.zeek_sensor",
      "mode": "data",
      "type": "aws_ami",
      "name": "latest-ubuntu",
      "provider": "provider[\"registry.terraform.io/hashicorp/aws\"]",
      "instances": [
        {
          "index_key": 0,
          "schema_version": 0,
          "attributes": {
            "architecture": "x86_64",
            "arn": "arn:aws:ec2:ap-southeast-2::image/ami-0b72e846931519ea3",
            "block_device_mappings": [
              {
                "device_name": "/dev/sda1",
                "ebs": {
                  "delete_on_termination": "true",
                  "encrypted": "false",
                  "iops": "0",
                  "snapshot_id": "snap-04894a51ccd9b2aad",
                  "throughput": "0",
                  "volume_size": "8",
                  "volume_type": "gp2"
                },
                "no_device": "",
                "virtual_name": ""
              },
              {
                "device_name": "/dev/sdb",
                "ebs": {},
                "no_device": "",
                "virtual_name": "ephemeral0"
              },
              {
                "device_name": "/dev/sdc",
                "ebs": {},
                "no_device": "",
                "virtual_name": "ephemeral1"
              }
            ],
            "boot_mode": "",
            "creation_date": "2022-03-08T23:53:32.000Z",
            "description": "Canonical, Ubuntu, 20.04 LTS, amd64 focal image build on 2022-03-08",
            "ena_support": true,
            "executable_users": null,
            "filter": [
              {
                "name": "name",
                "values": [
                  "ubuntu/images/hvm-ssd/ubuntu-focal-20.04-amd64-server-*"
                ]
              },
              {
                "name": "virtualization-type",
                "values": [
                  "hvm"
                ]
              }
            ],
            "hypervisor": "xen",
            "id": "ami-0b72e846931519ea3",
            "image_id": "ami-0b72e846931519ea3",
            "image_location": "099720109477/ubuntu/images/hvm-ssd/ubuntu-focal-20.04-amd64-server-20220308",
            "image_owner_alias": null,
            "image_type": "machine",
            "kernel_id": null,
            "most_recent": true,
            "name": "ubuntu/images/hvm-ssd/ubuntu-focal-20.04-amd64-server-20220308",
            "name_regex": null,
            "owner_id": "099720109477",
            "owners": [
              "099720109477"
            ],
            "platform": null,
            "platform_details": "Linux/UNIX",
            "product_codes": [],
            "public": true,
            "ramdisk_id": null,
            "root_device_name": "/dev/sda1",
            "root_device_type": "ebs",
            "root_snapshot_id": "snap-04894a51ccd9b2aad",
            "sriov_net_support": "simple",
            "state": "available",
            "state_reason": {
              "code": "UNSET",
              "message": "UNSET"
            },
            "tags": {},
            "usage_operation": "RunInstances",
            "virtualization_type": "hvm"
          },
          "sensitive_attributes": []
        }
      ]
    },
    {
      "module": "module.zeek_sensor",
      "mode": "managed",
      "type": "aws_ec2_traffic_mirror_filter",
      "name": "zeek_filter",
      "provider": "provider[\"registry.terraform.io/hashicorp/aws\"]",
      "instances": [
        {
          "index_key": 0,
          "schema_version": 0,
          "attributes": {
            "arn": "arn:aws:ec2:ap-southeast-2:709774649120:traffic-mirror-filter/tmf-0de377c831605ac72",
            "description": "Zeek Mirror Filter - Allow All",
            "id": "tmf-0de377c831605ac72",
            "network_services": null,
            "tags": null,
            "tags_all": {}
          },
          "sensitive_attributes": [],
          "private": "bnVsbA=="
        }
      ]
    },
    {
      "module": "module.zeek_sensor",
      "mode": "managed",
      "type": "aws_ec2_traffic_mirror_filter_rule",
      "name": "zeek_inbound",
      "provider": "provider[\"registry.terraform.io/hashicorp/aws\"]",
      "instances": [
        {
          "index_key": 0,
          "schema_version": 0,
          "attributes": {
            "arn": "arn:aws:ec2:ap-southeast-2:709774649120:traffic-mirror-filter-rule/tmfr-088f2e2f2bb1ba2ae",
            "description": "Zeek Inbound Rule",
            "destination_cidr_block": "0.0.0.0/0",
            "destination_port_range": [],
            "id": "tmfr-088f2e2f2bb1ba2ae",
            "protocol": 0,
            "rule_action": "accept",
            "rule_number": 1,
            "source_cidr_block": "0.0.0.0/0",
            "source_port_range": [],
            "traffic_direction": "ingress",
            "traffic_mirror_filter_id": "tmf-0de377c831605ac72"
          },
          "sensitive_attributes": [],
          "private": "bnVsbA==",
          "dependencies": [
            "module.zeek_sensor.aws_ec2_traffic_mirror_filter.zeek_filter"
          ]
        }
      ]
    },
    {
      "module": "module.zeek_sensor",
      "mode": "managed",
      "type": "aws_ec2_traffic_mirror_filter_rule",
      "name": "zeek_outbound",
      "provider": "provider[\"registry.terraform.io/hashicorp/aws\"]",
      "instances": [
        {
          "index_key": 0,
          "schema_version": 0,
          "attributes": {
            "arn": "arn:aws:ec2:ap-southeast-2:709774649120:traffic-mirror-filter-rule/tmfr-04e146abb78b5029f",
            "description": "Zeek Outbound Rule",
            "destination_cidr_block": "0.0.0.0/0",
            "destination_port_range": [],
            "id": "tmfr-04e146abb78b5029f",
            "protocol": 0,
            "rule_action": "accept",
            "rule_number": 1,
            "source_cidr_block": "0.0.0.0/0",
            "source_port_range": [],
            "traffic_direction": "egress",
            "traffic_mirror_filter_id": "tmf-0de377c831605ac72"
          },
          "sensitive_attributes": [],
          "private": "bnVsbA==",
          "dependencies": [
            "module.zeek_sensor.aws_ec2_traffic_mirror_filter.zeek_filter"
          ]
        }
      ]
    },
    {
      "module": "module.zeek_sensor",
      "mode": "managed",
      "type": "aws_ec2_traffic_mirror_session",
      "name": "zeek_windows_client_session",
      "provider": "provider[\"registry.terraform.io/hashicorp/aws\"]",
      "instances": []
    },
    {
      "module": "module.zeek_sensor",
      "mode": "managed",
      "type": "aws_ec2_traffic_mirror_session",
      "name": "zeek_windows_dc_session",
      "provider": "provider[\"registry.terraform.io/hashicorp/aws\"]",
      "instances": []
    },
    {
      "module": "module.zeek_sensor",
      "mode": "managed",
      "type": "aws_ec2_traffic_mirror_target",
      "name": "zeek_target",
      "provider": "provider[\"registry.terraform.io/hashicorp/aws\"]",
      "instances": []
    },
    {
      "module": "module.zeek_sensor",
      "mode": "managed",
      "type": "aws_instance",
      "name": "zeek_sensor",
      "provider": "provider[\"registry.terraform.io/hashicorp/aws\"]",
      "instances": [
        {
          "index_key": 0,
          "status": "tainted",
          "schema_version": 1,
          "attributes": {
            "ami": "ami-0b72e846931519ea3",
            "arn": "arn:aws:ec2:ap-southeast-2:709774649120:instance/i-04031163806d20957",
            "associate_public_ip_address": true,
            "availability_zone": "ap-southeast-2a",
            "capacity_reservation_specification": [
              {
                "capacity_reservation_preference": "open",
                "capacity_reservation_target": []
              }
            ],
            "cpu_core_count": 8,
            "cpu_threads_per_core": 2,
            "credit_specification": [],
            "disable_api_termination": false,
            "ebs_block_device": [],
            "ebs_optimized": false,
            "enclave_options": [
              {
                "enabled": false
              }
            ],
            "ephemeral_block_device": [],
            "get_password_data": false,
            "hibernation": false,
            "host_id": null,
            "iam_instance_profile": "",
            "id": "i-04031163806d20957",
            "instance_initiated_shutdown_behavior": "stop",
            "instance_state": "running",
            "instance_type": "c5n.4xlarge",
            "ipv6_address_count": 0,
            "ipv6_addresses": [],
            "key_name": "tuskcon",
            "launch_template": [],
            "metadata_options": [
              {
                "http_endpoint": "enabled",
                "http_put_response_hop_limit": 1,
                "http_tokens": "optional",
                "instance_metadata_tags": "disabled"
              }
            ],
            "monitoring": false,
            "network_interface": [],
            "outpost_arn": "",
            "password_data": "",
            "placement_group": "",
            "placement_partition_number": null,
            "primary_network_interface_id": "eni-0dbcd7bc4a4751f2a",
            "private_dns": "ip-10-0-1-14.ap-southeast-2.compute.internal",
            "private_ip": "10.0.1.14",
            "public_dns": "ec2-3-25-98-7.ap-southeast-2.compute.amazonaws.com",
            "public_ip": "3.25.98.7",
            "root_block_device": [
              {
                "delete_on_termination": true,
                "device_name": "/dev/sda1",
                "encrypted": false,
                "iops": 100,
                "kms_key_id": "",
                "tags": {},
                "throughput": 0,
                "volume_id": "vol-0ca777e775f332fc6",
                "volume_size": 8,
                "volume_type": "gp2"
              }
            ],
            "secondary_private_ips": [],
            "security_groups": [],
            "source_dest_check": true,
            "subnet_id": "subnet-0e95860f6aacca019",
            "tags": {
              "Name": "ar-zeek-sensor-tuskcon-tuskcon-1"
            },
            "tags_all": {
              "Name": "ar-zeek-sensor-tuskcon-tuskcon-1"
            },
            "tenancy": "default",
            "timeouts": null,
            "user_data": null,
            "user_data_base64": null,
            "volume_tags": null,
            "vpc_security_group_ids": [
              "sg-03ae9d0688540e25e"
            ]
          },
          "sensitive_attributes": [],
          "private": "eyJlMmJmYjczMC1lY2FhLTExZTYtOGY4OC0zNDM2M2JjN2M0YzAiOnsiY3JlYXRlIjo2MDAwMDAwMDAwMDAsImRlbGV0ZSI6MTIwMDAwMDAwMDAwMCwidXBkYXRlIjo2MDAwMDAwMDAwMDB9LCJzY2hlbWFfdmVyc2lvbiI6IjEifQ==",
          "dependencies": [
            "module.networkModule.aws_security_group.default",
            "module.networkModule.data.aws_availability_zones.available",
            "module.networkModule.data.http.my_public_ip",
            "module.networkModule.module.vpc.aws_subnet.public",
            "module.networkModule.module.vpc.aws_vpc.this",
            "module.networkModule.module.vpc.aws_vpc_ipv4_cidr_block_association.this",
            "module.zeek_sensor.data.aws_ami.latest-ubuntu"
          ]
        }
      ]
    }
  ]
}
